
Microsoft Visual Studio Solution File, Format Version 12.00
# Visual Studio Version 17
VisualStudioVersion = 17.0.31903.59
MinimumVisualStudioVersion = 10.0.40219.1
Project("{2150E333-8FDC-42A3-9474-1A3956D46DE8}") = "src", "src", "{827E0CD3-B72D-47B6-A68D-7590B98EB39B}"
EndProject
Project("{FAE04EC0-301F-11D3-BF4B-00C04F79EFBC}") = "OpenApiClient", "src\OpenApiClient\OpenApiClient.csproj", "{1BF3EE25-461E-48D3-8E8E-8DCFF1EDA69F}"
EndProject
Project("{FAE04EC0-301F-11D3-BF4B-00C04F79EFBC}") = "OpenApiClient.Tests", "test\OpenApiClient.Tests\OpenApiClient.Tests.csproj", "{D81CBC64-28BD-44BA-9115-896C630BB684}"
EndProject
Project("{2150E333-8FDC-42A3-9474-1A3956D46DE8}") = "demo", "demo", "{A39C23D2-F2C0-258D-165A-CF1E7FEE6E7B}"
EndProject
Project("{FAE04EC0-301F-11D3-BF4B-00C04F79EFBC}") = "TestClient", "demo\TestClient\TestClient.csproj", "{40A7E00F-EBB4-4626-8B91-F63E04813742}"
EndProject
Global
	GlobalSection(SolutionConfigurationPlatforms) = preSolution
		Debug|Any CPU = Debug|Any CPU
		Debug|x64 = Debug|x64
		Debug|x86 = Debug|x86
		Release|Any CPU = Release|Any CPU
		Release|x64 = Release|x64
		Release|x86 = Release|x86
	EndGlobalSection
	GlobalSection(ProjectConfigurationPlatforms) = postSolution
		{1BF3EE25-461E-48D3-8E8E-8DCFF1EDA69F}.Debug|Any CPU.ActiveCfg = Debug|Any CPU
		{1BF3EE25-461E-48D3-8E8E-8DCFF1EDA69F}.Debug|Any CPU.Build.0 = Debug|Any CPU
		{1BF3EE25-461E-48D3-8E8E-8DCFF1EDA69F}.Debug|x64.ActiveCfg = Debug|Any CPU
		{1BF3EE25-461E-48D3-8E8E-8DCFF1EDA69F}.Debug|x64.Build.0 = Debug|Any CPU
		{1BF3EE25-461E-48D3-8E8E-8DCFF1EDA69F}.Debug|x86.ActiveCfg = Debug|Any CPU
		{1BF3EE25-461E-48D3-8E8E-8DCFF1EDA69F}.Debug|x86.Build.0 = Debug|Any CPU
		{1BF3EE25-461E-48D3-8E8E-8DCFF1EDA69F}.Release|Any CPU.ActiveCfg = Release|Any CPU
		{1BF3EE25-461E-48D3-8E8E-8DCFF1EDA69F}.Release|Any CPU.Build.0 = Release|Any CPU
		{1BF3EE25-461E-48D3-8E8E-8DCFF1EDA69F}.Release|x64.ActiveCfg = Release|Any CPU
		{1BF3EE25-461E-48D3-8E8E-8DCFF1EDA69F}.Release|x64.Build.0 = Release|Any CPU
		{1BF3EE25-461E-48D3-8E8E-8DCFF1EDA69F}.Release|x86.ActiveCfg = Release|Any CPU
		{1BF3EE25-461E-48D3-8E8E-8DCFF1EDA69F}.Release|x86.Build.0 = Release|Any CPU
		{D81CBC64-28BD-44BA-9115-896C630BB684}.Debug|Any CPU.ActiveCfg = Debug|Any CPU
		{D81CBC64-28BD-44BA-9115-896C630BB684}.Debug|Any CPU.Build.0 = Debug|Any CPU
		{D81CBC64-28BD-44BA-9115-896C630BB684}.Debug|x64.ActiveCfg = Debug|Any CPU
		{D81CBC64-28BD-44BA-9115-896C630BB684}.Debug|x64.Build.0 = Debug|Any CPU
		{D81CBC64-28BD-44BA-9115-896C630BB684}.Debug|x86.ActiveCfg = Debug|Any CPU
		{D81CBC64-28BD-44BA-9115-896C630BB684}.Debug|x86.Build.0 = Debug|Any CPU
		{D81CBC64-28BD-44BA-9115-896C630BB684}.Release|Any CPU.ActiveCfg = Release|Any CPU
		{D81CBC64-28BD-44BA-9115-896C630BB684}.Release|Any CPU.Build.0 = Release|Any CPU
		{D81CBC64-28BD-44BA-9115-896C630BB684}.Release|x64.ActiveCfg = Release|Any CPU
		{D81CBC64-28BD-44BA-9115-896C630BB684}.Release|x64.Build.0 = Release|Any CPU
		{D81CBC64-28BD-44BA-9115-896C630BB684}.Release|x86.ActiveCfg = Release|Any CPU
		{D81CBC64-28BD-44BA-9115-896C630BB684}.Release|x86.Build.0 = Release|Any CPU
		{40A7E00F-EBB4-4626-8B91-F63E04813742}.Debug|Any CPU.ActiveCfg = Debug|Any CPU
		{40A7E00F-EBB4-4626-8B91-F63E04813742}.Debug|Any CPU.Build.0 = Debug|Any CPU
		{40A7E00F-EBB4-4626-8B91-F63E04813742}.Debug|x64.ActiveCfg = Debug|Any CPU
		{40A7E00F-EBB4-4626-8B91-F63E04813742}.Debug|x64.Build.0 = Debug|Any CPU
		{40A7E00F-EBB4-4626-8B91-F63E04813742}.Debug|x86.ActiveCfg = Debug|Any CPU
		{40A7E00F-EBB4-4626-8B91-F63E04813742}.Debug|x86.Build.0 = Debug|Any CPU
		{40A7E00F-EBB4-4626-8B91-F63E04813742}.Release|Any CPU.ActiveCfg = Release|Any CPU
		{40A7E00F-EBB4-4626-8B91-F63E04813742}.Release|Any CPU.Build.0 = Release|Any CPU
		{40A7E00F-EBB4-4626-8B91-F63E04813742}.Release|x64.ActiveCfg = Release|Any CPU
		{40A7E00F-EBB4-4626-8B91-F63E04813742}.Release|x64.Build.0 = Release|Any CPU
		{40A7E00F-EBB4-4626-8B91-F63E04813742}.Release|x86.ActiveCfg = Release|Any CPU
		{40A7E00F-EBB4-4626-8B91-F63E04813742}.Release|x86.Build.0 = Release|Any CPU
	EndGlobalSection
	GlobalSection(SolutionProperties) = preSolution
		HideSolutionNode = FALSE
	EndGlobalSection
	GlobalSection(NestedProjects) = preSolution
		{1BF3EE25-461E-48D3-8E8E-8DCFF1EDA69F} = {827E0CD3-B72D-47B6-A68D-7590B98EB39B}
		{D81CBC64-28BD-44BA-9115-896C630BB684} = {827E0CD3-B72D-47B6-A68D-7590B98EB39B}
		{40A7E00F-EBB4-4626-8B91-F63E04813742} = {A39C23D2-F2C0-258D-165A-CF1E7FEE6E7B}
	EndGlobalSection
EndGlobal
